
Microsoft Visual Studio Solution File, Format Version 12.00
# Visual Studio Version 16
VisualStudioVersion = 16.0.29519.181
MinimumVisualStudioVersion = 10.0.40219.1
Project("{9A19103F-16F7-4668-BE54-9A1E7A4F7556}") = "Rebus.AwsSnsAndSqs", "Rebus.AwsSnsAndSqs\Rebus.AwsSnsAndSqs.csproj", "{2D767897-0D41-4D7D-BDF1-BFB29F319ECA}"
EndProject
Project("{9A19103F-16F7-4668-BE54-9A1E7A4F7556}") = "Rebus.AwsSnsAndSqsTests", "Rebus.AwsSnsAndSqsTests\Rebus.AwsSnsAndSqsTests.csproj", "{5AFBEC35-938C-40D5-A5BA-2842D842CB5F}"
EndProject
Project("{FAE04EC0-301F-11D3-BF4B-00C04F79EFBC}") = "Rebus.AwsSnsAndSqsPerformanceTest", "Rebus.AwsSnsAndSqsPerformanceTest\Rebus.AwsSnsAndSqsPerformanceTest.csproj", "{2FE52BD5-0966-4D9E-8DFE-06020B2DBEF9}"
EndProject
Project("{9A19103F-16F7-4668-BE54-9A1E7A4F7556}") = "Rebus.NewRelicApi", "Rebus.NewRelic\Rebus.NewRelicApi.csproj", "{192F634E-EFF4-41CE-9DF5-F7CB8D5BADBB}"
EndProject
Project("{2150E333-8FDC-42A3-9474-1A3956D46DE8}") = "Solution Items", "Solution Items", "{76392FF5-E952-403F-9431-7990FA239106}"
	ProjectSection(SolutionItems) = preProject
		.editorconfig = .editorconfig
	EndProjectSection
EndProject
Project("{2150E333-8FDC-42A3-9474-1A3956D46DE8}") = "Build", "Build", "{05C17B25-7438-4819-A5B0-573FD0A08D55}"
	ProjectSection(SolutionItems) = preProject
		build.cake = build.cake
		build.ps1 = build.ps1
	EndProjectSection
EndProject
Global
	GlobalSection(SolutionConfigurationPlatforms) = preSolution
		Debug|Any CPU = Debug|Any CPU
		RelaseBuildLoadTest|Any CPU = RelaseBuildLoadTest|Any CPU
		Release|Any CPU = Release|Any CPU
	EndGlobalSection
	GlobalSection(ProjectConfigurationPlatforms) = postSolution
		{2D767897-0D41-4D7D-BDF1-BFB29F319ECA}.Debug|Any CPU.ActiveCfg = Debug|Any CPU
		{2D767897-0D41-4D7D-BDF1-BFB29F319ECA}.Debug|Any CPU.Build.0 = Debug|Any CPU
		{2D767897-0D41-4D7D-BDF1-BFB29F319ECA}.RelaseBuildLoadTest|Any CPU.ActiveCfg = RelaseBuildLoadTest|Any CPU
		{2D767897-0D41-4D7D-BDF1-BFB29F319ECA}.RelaseBuildLoadTest|Any CPU.Build.0 = RelaseBuildLoadTest|Any CPU
		{2D767897-0D41-4D7D-BDF1-BFB29F319ECA}.Release|Any CPU.ActiveCfg = Release|Any CPU
		{2D767897-0D41-4D7D-BDF1-BFB29F319ECA}.Release|Any CPU.Build.0 = Release|Any CPU
		{5AFBEC35-938C-40D5-A5BA-2842D842CB5F}.Debug|Any CPU.ActiveCfg = Debug|Any CPU
		{5AFBEC35-938C-40D5-A5BA-2842D842CB5F}.Debug|Any CPU.Build.0 = Debug|Any CPU
		{5AFBEC35-938C-40D5-A5BA-2842D842CB5F}.RelaseBuildLoadTest|Any CPU.ActiveCfg = RelaseBuildLoadTest|Any CPU
		{5AFBEC35-938C-40D5-A5BA-2842D842CB5F}.Release|Any CPU.ActiveCfg = Release|Any CPU
		{2FE52BD5-0966-4D9E-8DFE-06020B2DBEF9}.Debug|Any CPU.ActiveCfg = Debug|Any CPU
		{2FE52BD5-0966-4D9E-8DFE-06020B2DBEF9}.Debug|Any CPU.Build.0 = Debug|Any CPU
		{2FE52BD5-0966-4D9E-8DFE-06020B2DBEF9}.RelaseBuildLoadTest|Any CPU.ActiveCfg = RelaseBuildLoadTest|Any CPU
		{2FE52BD5-0966-4D9E-8DFE-06020B2DBEF9}.RelaseBuildLoadTest|Any CPU.Build.0 = RelaseBuildLoadTest|Any CPU
		{2FE52BD5-0966-4D9E-8DFE-06020B2DBEF9}.Release|Any CPU.ActiveCfg = Release|Any CPU
		{192F634E-EFF4-41CE-9DF5-F7CB8D5BADBB}.Debug|Any CPU.ActiveCfg = Debug|Any CPU
		{192F634E-EFF4-41CE-9DF5-F7CB8D5BADBB}.Debug|Any CPU.Build.0 = Debug|Any CPU
		{192F634E-EFF4-41CE-9DF5-F7CB8D5BADBB}.RelaseBuildLoadTest|Any CPU.ActiveCfg = Release|Any CPU
		{192F634E-EFF4-41CE-9DF5-F7CB8D5BADBB}.RelaseBuildLoadTest|Any CPU.Build.0 = Release|Any CPU
		{192F634E-EFF4-41CE-9DF5-F7CB8D5BADBB}.Release|Any CPU.ActiveCfg = Release|Any CPU
	EndGlobalSection
	GlobalSection(SolutionProperties) = preSolution
		HideSolutionNode = FALSE
	EndGlobalSection
	GlobalSection(ExtensibilityGlobals) = postSolution
		SolutionGuid = {46E9A4A4-FEB2-4B8C-9E37-32874B8382D8}
	EndGlobalSection
EndGlobal
